
Microsoft Visual Studio Solution File, Format Version 12.00
# Visual Studio 15
VisualStudioVersion = 15.0.27004.2009
MinimumVisualStudioVersion = 10.0.40219.1
Project("{9092AA53-FB77-4645-B42D-1CCCA6BD08BD}") = "HustleCoin", "HustleCoin\HustleCoin.njsproj", "{4D40D933-10DF-49C1-9929-A5B5A11E4AE8}"
EndProject
Global
	GlobalSection(SolutionConfigurationPlatforms) = preSolution
		Debug|Any CPU = Debug|Any CPU
		Release|Any CPU = Release|Any CPU
	EndGlobalSection
	GlobalSection(ProjectConfigurationPlatforms) = postSolution
		{4D40D933-10DF-49C1-9929-A5B5A11E4AE8}.Debug|Any CPU.ActiveCfg = Debug|Any CPU
		{4D40D933-10DF-49C1-9929-A5B5A11E4AE8}.Debug|Any CPU.Build.0 = Debug|Any CPU
		{4D40D933-10DF-49C1-9929-A5B5A11E4AE8}.Release|Any CPU.ActiveCfg = Release|Any CPU
		{4D40D933-10DF-49C1-9929-A5B5A11E4AE8}.Release|Any CPU.Build.0 = Release|Any CPU
	EndGlobalSection
	GlobalSection(SolutionProperties) = preSolution
		HideSolutionNode = FALSE
	EndGlobalSection
	GlobalSection(ExtensibilityGlobals) = postSolution
		SolutionGuid = {E9DB7FA1-A3ED-477E-AD99-E8E4A1DEBB6D}
	EndGlobalSection
EndGlobal
